{
  "version": 4,
  "terraform_version": "1.1.5",
  "serial": 45,
  "lineage": "2011cf44-dc73-6481-39c9-2bd37d750f9e",
  "outputs": {},
  "resources": [
    {
      "mode": "managed",
      "type": "google_compute_disk",
      "name": "minecraft-disk",
      "provider": "provider[\"registry.terraform.io/hashicorp/google\"]",
      "instances": [
        {
          "schema_version": 0,
          "attributes": {
            "creation_timestamp": "2022-02-13T04:22:12.843-08:00",
            "description": "",
            "disk_encryption_key": [],
            "id": "projects/wave32-webhelp-adriab/zones/europe-west1-b/disks/minecraft-disk",
            "image": "",
            "label_fingerprint": "42WmSpB8rSM=",
            "labels": {},
            "last_attach_timestamp": "2022-02-13T04:29:06.529-08:00",
            "last_detach_timestamp": "",
            "name": "minecraft-disk",
            "physical_block_size_bytes": 4096,
            "project": "wave32-webhelp-adriab",
            "self_link": "https://www.googleapis.com/compute/v1/projects/wave32-webhelp-adriab/zones/europe-west1-b/disks/minecraft-disk",
            "size": 50,
            "snapshot": "",
            "source_image_encryption_key": [],
            "source_image_id": "",
            "source_snapshot_encryption_key": [],
            "source_snapshot_id": "",
            "timeouts": null,
            "type": "pd-ssd",
            "users": [
              "https://www.googleapis.com/compute/v1/projects/wave32-webhelp-adriab/zones/europe-west1-b/instances/mc-server"
            ],
            "zone": "europe-west1-b"
          },
          "sensitive_attributes": [],
          "private": "eyJlMmJmYjczMC1lY2FhLTExZTYtOGY4OC0zNDM2M2JjN2M0YzAiOnsiY3JlYXRlIjozMDAwMDAwMDAwMDAsImRlbGV0ZSI6MjQwMDAwMDAwMDAwLCJ1cGRhdGUiOjI0MDAwMDAwMDAwMH19"
        }
      ]
    },
    {
      "mode": "managed",
      "type": "google_compute_network",
      "name": "vpc_network",
      "provider": "provider[\"registry.terraform.io/hashicorp/google\"]",
      "instances": [
        {
          "schema_version": 0,
          "attributes": {
            "auto_create_subnetworks": true,
            "delete_default_routes_on_create": false,
            "description": "",
            "gateway_ipv4": "",
            "id": "projects/wave32-webhelp-adriab/global/networks/mc-net",
            "ipv4_range": null,
            "name": "mc-net",
            "project": "wave32-webhelp-adriab",
            "routing_mode": "REGIONAL",
            "self_link": "https://www.googleapis.com/compute/v1/projects/wave32-webhelp-adriab/global/networks/mc-net",
            "timeouts": null
          },
          "sensitive_attributes": [],
          "private": "eyJlMmJmYjczMC1lY2FhLTExZTYtOGY4OC0zNDM2M2JjN2M0YzAiOnsiY3JlYXRlIjoyNDAwMDAwMDAwMDAsImRlbGV0ZSI6MjQwMDAwMDAwMDAwLCJ1cGRhdGUiOjI0MDAwMDAwMDAwMH19"
        }
      ]
    }
  ]
}
